
Microsoft Visual Studio Solution File, Format Version 11.00
# Visual C# Express 2010
Project("{FAE04EC0-301F-11D3-BF4B-00C04F79EFBC}") = "KinectPlay", "KinectPlay\KinectPlay\KinectPlay.csproj", "{1E451DA1-659E-4407-A8AD-2C82A94E6DBC}"
EndProject
Project("{96E2B04D-8817-42C6-938A-82C39BA4D311}") = "KinectPlayContent", "KinectPlay\KinectPlayContent\KinectPlayContent.contentproj", "{1AE448EC-5538-4E2F-9345-A6C7112AC757}"
EndProject
Global
	GlobalSection(SolutionConfigurationPlatforms) = preSolution
		Debug|x86 = Debug|x86
		Release|x86 = Release|x86
	EndGlobalSection
	GlobalSection(ProjectConfigurationPlatforms) = postSolution
		{1E451DA1-659E-4407-A8AD-2C82A94E6DBC}.Debug|x86.ActiveCfg = Debug|x86
		{1E451DA1-659E-4407-A8AD-2C82A94E6DBC}.Debug|x86.Build.0 = Debug|x86
		{1E451DA1-659E-4407-A8AD-2C82A94E6DBC}.Release|x86.ActiveCfg = Release|x86
		{1E451DA1-659E-4407-A8AD-2C82A94E6DBC}.Release|x86.Build.0 = Release|x86
		{1AE448EC-5538-4E2F-9345-A6C7112AC757}.Debug|x86.ActiveCfg = Debug|x86
		{1AE448EC-5538-4E2F-9345-A6C7112AC757}.Release|x86.ActiveCfg = Release|x86
	EndGlobalSection
	GlobalSection(SolutionProperties) = preSolution
		HideSolutionNode = FALSE
	EndGlobalSection
EndGlobal
